{
  "name": "server",
  "version": "1.0.0",
  "lockfileVersion": 1,
  "requires": true,
  "dependencies": {
    "@dalisoft/args": {
      "version": "0.1.1",
      "resolved": "https://registry.npmjs.org/@dalisoft/args/-/args-0.1.1.tgz",
      "integrity": "sha512-PwmLEhnTyK6+AUwD0oqS57nLs1vpB17vEDlMc1i27zH8mrtFJmBmYfQv4FszoUHDHv3PtFk8M0X9yWxry2TSwA=="
    },
    "@dalisoft/events": {
      "version": "0.2.0",
      "resolved": "https://registry.npmjs.org/@dalisoft/events/-/events-0.2.0.tgz",
      "integrity": "sha512-2NS/0vS9eL8ZxhgCVZQgPS4uoqbcSk9FN3G8Eqakcej7wOpH72z1kmDEDGI5T+MOp9IueKT2qI0XUdXhKeK9GA==",
      "requires": {
        "@dalisoft/args": "^0.1.1"
      }
    },
    "debug": {
      "version": "4.3.4",
      "resolved": "https://registry.npmjs.org/debug/-/debug-4.3.4.tgz",
      "integrity": "sha512-PRWFHuSU3eDtQJPvnNY7Jcket1j0t5OuOsFzPPzsekD52Zl8qUfFIPEiswXqIvHWGVHOgX+7G/vCNNhehwxfkQ==",
      "requires": {
        "ms": "2.1.2"
      }
    },
    "ms": {
      "version": "2.1.2",
      "resolved": "https://registry.npmjs.org/ms/-/ms-2.1.2.tgz",
      "integrity": "sha512-sGkPx+VjMtmA6MX27oA4FBFELFCZZ4S4XqeGOXCv68tT+jb3vk/RyaKWP0PTKyWtmLSM0b+adUTEvbs1PEaH2w=="
    },
    "nanoexpress": {
      "version": "2.0.0",
      "resolved": "https://registry.npmjs.org/nanoexpress/-/nanoexpress-2.0.0.tgz",
      "integrity": "sha512-NizYnxNRSKt0bykO/0fxtIvWV7cjgv0cGeuq+dkLrxoNcN86bk2RtlHV/+fK65yhlsTlEYe0XngPC75MIViWZA==",
      "requires": {
        "@dalisoft/events": "^0.2.0",
        "debug": "^4.1.1",
        "uWebSockets.js": "github:uNetworking/uWebSockets.js#binaries"
      }
    },
    "uWebSockets.js": {
      "version": "github:uNetworking/uWebSockets.js#49cc55fb6180cad29709e936ede29199bc94f3cb",
      "from": "github:uNetworking/uWebSockets.js#binaries"
    }
  }
}
